// !$*UTF8*$!
{
	archiveVersion = 1;
	classes = {
	};
	objectVersion = 56;
	objects = {

/* Begin PBXBuildFile section */
		41804E6929C7BB8100A6E3B0 /* Social_Media_App_with_RyanApp.swift in Sources */ = {isa = PBXBuildFile; fileRef = 41804E6829C7BB8100A6E3B0 /* Social_Media_App_with_RyanApp.swift */; };
		41804E6B29C7BB8100A6E3B0 /* ContentView.swift in Sources */ = {isa = PBXBuildFile; fileRef = 41804E6A29C7BB8100A6E3B0 /* ContentView.swift */; };
		41804E6D29C7BB8100A6E3B0 /* Assets.xcassets in Resources */ = {isa = PBXBuildFile; fileRef = 41804E6C29C7BB8100A6E3B0 /* Assets.xcassets */; };
		41804E7029C7BB8100A6E3B0 /* Preview Assets.xcassets in Resources */ = {isa = PBXBuildFile; fileRef = 41804E6F29C7BB8100A6E3B0 /* Preview Assets.xcassets */; };
		41F9A4BA29D6405A00B113CB /* Vapor Requests Model.swift in Sources */ = {isa = PBXBuildFile; fileRef = 41F9A4B929D6405A00B113CB /* Vapor Requests Model.swift */; };
		41F9A4BC29D6417300B113CB /* VaporRequestHandler.swift in Sources */ = {isa = PBXBuildFile; fileRef = 41F9A4BB29D6417300B113CB /* VaporRequestHandler.swift */; };
/* End PBXBuildFile section */

/* Begin PBXFileReference section */
		41804E6529C7BB8100A6E3B0 /* Social Media App with Ryan.app */ = {isa = PBXFileReference; explicitFileType = wrapper.application; includeInIndex = 0; path = "Social Media App with Ryan.app"; sourceTree = BUILT_PRODUCTS_DIR; };
		41804E6829C7BB8100A6E3B0 /* Social_Media_App_with_RyanApp.swift */ = {isa = PBXFileReference; lastKnownFileType = sourcecode.swift; path = Social_Media_App_with_RyanApp.swift; sourceTree = "<group>"; };
		41804E6A29C7BB8100A6E3B0 /* ContentView.swift */ = {isa = PBXFileReference; lastKnownFileType = sourcecode.swift; path = ContentView.swift; sourceTree = "<group>"; };
		41804E6C29C7BB8100A6E3B0 /* Assets.xcassets */ = {isa = PBXFileReference; lastKnownFileType = folder.assetcatalog; path = Assets.xcassets; sourceTree = "<group>"; };
		41804E6F29C7BB8100A6E3B0 /* Preview Assets.xcassets */ = {isa = PBXFileReference; lastKnownFileType = folder.assetcatalog; path = "Preview Assets.xcassets"; sourceTree = "<group>"; };
		41F9A4B929D6405A00B113CB /* Vapor Requests Model.swift */ = {isa = PBXFileReference; lastKnownFileType = sourcecode.swift; path = "Vapor Requests Model.swift"; sourceTree = "<group>"; };
		41F9A4BB29D6417300B113CB /* VaporRequestHandler.swift */ = {isa = PBXFileReference; lastKnownFileType = sourcecode.swift; path = VaporRequestHandler.swift; sourceTree = "<group>"; };
/* End PBXFileReference section */

/* Begin PBXFrameworksBuildPhase section */
		41804E6229C7BB8100A6E3B0 /* Frameworks */ = {
			isa = PBXFrameworksBuildPhase;
			buildActionMask = 2147483647;
			files = (
			);
			runOnlyForDeploymentPostprocessing = 0;
		};
/* End PBXFrameworksBuildPhase section */

/* Begin PBXGroup section */
		41804E5C29C7BB8100A6E3B0 = {
			isa = PBXGroup;
			children = (
				41804E6729C7BB8100A6E3B0 /* Social Media App with Ryan */,
				41804E6629C7BB8100A6E3B0 /* Products */,
			);
			sourceTree = "<group>";
		};
		41804E6629C7BB8100A6E3B0 /* Products */ = {
			isa = PBXGroup;
			children = (
				41804E6529C7BB8100A6E3B0 /* Social Media App with Ryan.app */,
			);
			name = Products;
			sourceTree = "<group>";
		};
		41804E6729C7BB8100A6E3B0 /* Social Media App with Ryan */ = {
			isa = PBXGroup;
			children = (
				41804E6829C7BB8100A6E3B0 /* Social_Media_App_with_RyanApp.swift */,
				41804E6A29C7BB8100A6E3B0 /* ContentView.swift */,
				41F9A4B829D6404600B113CB /* Model */,
				41804E6C29C7BB8100A6E3B0 /* Assets.xcassets */,
				41804E6E29C7BB8100A6E3B0 /* Preview Content */,
			);
			path = "Social Media App with Ryan";
			sourceTree = "<group>";
		};
		41804E6E29C7BB8100A6E3B0 /* Preview Content */ = {
			isa = PBXGroup;
			children = (
				41804E6F29C7BB8100A6E3B0 /* Preview Assets.xcassets */,
			);
			path = "Preview Content";
			sourceTree = "<group>";
		};
		41F9A4B829D6404600B113CB /* Model */ = {
			isa = PBXGroup;
			children = (
				41F9A4B929D6405A00B113CB /* Vapor Requests Model.swift */,
				41F9A4BB29D6417300B113CB /* VaporRequestHandler.swift */,
			);
			name = Model;
			sourceTree = "<group>";
		};
/* End PBXGroup section */

/* Begin PBXNativeTarget section */
		41804E6429C7BB8100A6E3B0 /* Social Media App with Ryan */ = {
			isa = PBXNativeTarget;
			buildConfigurationList = 41804E7329C7BB8100A6E3B0 /* Build configuration list for PBXNativeTarget "Social Media App with Ryan" */;
			buildPhases = (
				41804E6129C7BB8100A6E3B0 /* Sources */,
				41804E6229C7BB8100A6E3B0 /* Frameworks */,
				41804E6329C7BB8100A6E3B0 /* Resources */,
			);
			buildRules = (
			);
			dependencies = (
			);
			name = "Social Media App with Ryan";
			productName = "Social Media App with Ryan";
			productReference = 41804E6529C7BB8100A6E3B0 /* Social Media App with Ryan.app */;
			productType = "com.apple.product-type.application";
		};
/* End PBXNativeTarget section */

/* Begin PBXProject section */
		41804E5D29C7BB8100A6E3B0 /* Project object */ = {
			isa = PBXProject;
			attributes = {
				BuildIndependentTargetsInParallel = 1;
				LastSwiftUpdateCheck = 1420;
				LastUpgradeCheck = 1420;
				TargetAttributes = {
					41804E6429C7BB8100A6E3B0 = {
						CreatedOnToolsVersion = 14.2;
					};
				};
			};
			buildConfigurationList = 41804E6029C7BB8100A6E3B0 /* Build configuration list for PBXProject "Social Media App with Ryan" */;
			compatibilityVersion = "Xcode 14.0";
			developmentRegion = en;
			hasScannedForEncodings = 0;
			knownRegions = (
				en,
				Base,
			);
			mainGroup = 41804E5C29C7BB8100A6E3B0;
			productRefGroup = 41804E6629C7BB8100A6E3B0 /* Products */;
			projectDirPath = "";
			projectRoot = "";
			targets = (
				41804E6429C7BB8100A6E3B0 /* Social Media App with Ryan */,
			);
		};
/* End PBXProject section */

/* Begin PBXResourcesBuildPhase section */
		41804E6329C7BB8100A6E3B0 /* Resources */ = {
			isa = PBXResourcesBuildPhase;
			buildActionMask = 2147483647;
			files = (
				41804E7029C7BB8100A6E3B0 /* Preview Assets.xcassets in Resources */,
				41804E6D29C7BB8100A6E3B0 /* Assets.xcassets in Resources */,
			);
			runOnlyForDeploymentPostprocessing = 0;
		};
/* End PBXResourcesBuildPhase section */

/* Begin PBXSourcesBuildPhase section */
		41804E6129C7BB8100A6E3B0 /* Sources */ = {
			isa = PBXSourcesBuildPhase;
			buildActionMask = 2147483647;
			files = (
				41804E6B29C7BB8100A6E3B0 /* ContentView.swift in Sources */,
				41F9A4BA29D6405A00B113CB /* Vapor Requests Model.swift in Sources */,
				41804E6929C7BB8100A6E3B0 /* Social_Media_App_with_RyanApp.swift in Sources */,
				41F9A4BC29D6417300B113CB /* VaporRequestHandler.swift in Sources */,
			);
			runOnlyForDeploymentPostprocessing = 0;
		};
/* End PBXSourcesBuildPhase section */

/* Begin XCBuildConfiguration section */
		41804E7129C7BB8100A6E3B0 /* Debug */ = {
			isa = XCBuildConfiguration;
			buildSettings = {
				ALWAYS_SEARCH_USER_PATHS = NO;
				CLANG_ANALYZER_NONNULL = YES;
				CLANG_ANALYZER_NUMBER_OBJECT_CONVERSION = YES_AGGRESSIVE;
				CLANG_CXX_LANGUAGE_STANDARD = "gnu++20";
				CLANG_ENABLE_MODULES = YES;
				CLANG_ENABLE_OBJC_ARC = YES;
				CLANG_ENABLE_OBJC_WEAK = YES;
				CLANG_WARN_BLOCK_CAPTURE_AUTORELEASING = YES;
				CLANG_WARN_BOOL_CONVERSION = YES;
				CLANG_WARN_COMMA = YES;
				CLANG_WARN_CONSTANT_CONVERSION = YES;
				CLANG_WARN_DEPRECATED_OBJC_IMPLEMENTATIONS = YES;
				CLANG_WARN_DIRECT_OBJC_ISA_USAGE = YES_ERROR;
				CLANG_WARN_DOCUMENTATION_COMMENTS = YES;
				CLANG_WARN_EMPTY_BODY = YES;
				CLANG_WARN_ENUM_CONVERSION = YES;
				CLANG_WARN_INFINITE_RECURSION = YES;
				CLANG_WARN_INT_CONVERSION = YES;
				CLANG_WARN_NON_LITERAL_NULL_CONVERSION = YES;
				CLANG_WARN_OBJC_IMPLICIT_RETAIN_SELF = YES;
				CLANG_WARN_OBJC_LITERAL_CONVERSION = YES;
				CLANG_WARN_OBJC_ROOT_CLASS = YES_ERROR;
				CLANG_WARN_QUOTED_INCLUDE_IN_FRAMEWORK_HEADER = YES;
				CLANG_WARN_RANGE_LOOP_ANALYSIS = YES;
				CLANG_WARN_STRICT_PROTOTYPES = YES;
				CLANG_WARN_SUSPICIOUS_MOVE = YES;
				CLANG_WARN_UNGUARDED_AVAILABILITY = YES_AGGRESSIVE;
				CLANG_WARN_UNREACHABLE_CODE = YES;
				CLANG_WARN__DUPLICATE_METHOD_MATCH = YES;
				COPY_PHASE_STRIP = NO;
				DEBUG_INFORMATION_FORMAT = dwarf;
				ENABLE_STRICT_OBJC_MSGSEND = YES;
				ENABLE_TESTABILITY = YES;
				GCC_C_LANGUAGE_STANDARD = gnu11;
				GCC_DYNAMIC_NO_PIC = NO;
				GCC_NO_COMMON_BLOCKS = YES;
				GCC_OPTIMIZATION_LEVEL = 0;
				GCC_PREPROCESSOR_DEFINITIONS = (
					"DEBUG=1",
					"$(inherited)",
				);
				GCC_WARN_64_TO_32_BIT_CONVERSION = YES;
				GCC_WARN_ABOUT_RETURN_TYPE = YES_ERROR;
				GCC_WARN_UNDECLARED_SELECTOR = YES;
				GCC_WARN_UNINITIALIZED_AUTOS = YES_AGGRESSIVE;
				GCC_WARN_UNUSED_FUNCTION = YES;
				GCC_WARN_UNUSED_VARIABLE = YES;
				IPHONEOS_DEPLOYMENT_TARGET = 16.2;
				MTL_ENABLE_DEBUG_INFO = INCLUDE_SOURCE;
				MTL_FAST_MATH = YES;
				ONLY_ACTIVE_ARCH = YES;
				SDKROOT = iphoneos;
				SWIFT_ACTIVE_COMPILATION_CONDITIONS = DEBUG;
				SWIFT_OPTIMIZATION_LEVEL = "-Onone";
			};
			name = Debug;
		};
		41804E7229C7BB8100A6E3B0 /* Release */ = {
			isa = XCBuildConfiguration;
			buildSettings = {
				ALWAYS_SEARCH_USER_PATHS = NO;
				CLANG_ANALYZER_NONNULL = YES;
				CLANG_ANALYZER_NUMBER_OBJECT_CONVERSION = YES_AGGRESSIVE;
				CLANG_CXX_LANGUAGE_STANDARD = "gnu++20";
				CLANG_ENABLE_MODULES = YES;
				CLANG_ENABLE_OBJC_ARC = YES;
				CLANG_ENABLE_OBJC_WEAK = YES;
				CLANG_WARN_BLOCK_CAPTURE_AUTORELEASING = YES;
				CLANG_WARN_BOOL_CONVERSION = YES;
				CLANG_WARN_COMMA = YES;
				CLANG_WARN_CONSTANT_CONVERSION = YES;
				CLANG_WARN_DEPRECATED_OBJC_IMPLEMENTATIONS = YES;
				CLANG_WARN_DIRECT_OBJC_ISA_USAGE = YES_ERROR;
				CLANG_WARN_DOCUMENTATION_COMMENTS = YES;
				CLANG_WARN_EMPTY_BODY = YES;
				CLANG_WARN_ENUM_CONVERSION = YES;
				CLANG_WARN_INFINITE_RECURSION = YES;
				CLANG_WARN_INT_CONVERSION = YES;
				CLANG_WARN_NON_LITERAL_NULL_CONVERSION = YES;
				CLANG_WARN_OBJC_IMPLICIT_RETAIN_SELF = YES;
				CLANG_WARN_OBJC_LITERAL_CONVERSION = YES;
				CLANG_WARN_OBJC_ROOT_CLASS = YES_ERROR;
				CLANG_WARN_QUOTED_INCLUDE_IN_FRAMEWORK_HEADER = YES;
				CLANG_WARN_RANGE_LOOP_ANALYSIS = YES;
				CLANG_WARN_STRICT_PROTOTYPES = YES;
				CLANG_WARN_SUSPICIOUS_MOVE = YES;
				CLANG_WARN_UNGUARDED_AVAILABILITY = YES_AGGRESSIVE;
				CLANG_WARN_UNREACHABLE_CODE = YES;
				CLANG_WARN__DUPLICATE_METHOD_MATCH = YES;
				COPY_PHASE_STRIP = NO;
				DEBUG_INFORMATION_FORMAT = "dwarf-with-dsym";
				ENABLE_NS_ASSERTIONS = NO;
				ENABLE_STRICT_OBJC_MSGSEND = YES;
				GCC_C_LANGUAGE_STANDARD = gnu11;
				GCC_NO_COMMON_BLOCKS = YES;
				GCC_WARN_64_TO_32_BIT_CONVERSION = YES;
				GCC_WARN_ABOUT_RETURN_TYPE = YES_ERROR;
				GCC_WARN_UNDECLARED_SELECTOR = YES;
				GCC_WARN_UNINITIALIZED_AUTOS = YES_AGGRESSIVE;
				GCC_WARN_UNUSED_FUNCTION = YES;
				GCC_WARN_UNUSED_VARIABLE = YES;
				IPHONEOS_DEPLOYMENT_TARGET = 16.2;
				MTL_ENABLE_DEBUG_INFO = NO;
				MTL_FAST_MATH = YES;
				SDKROOT = iphoneos;
				SWIFT_COMPILATION_MODE = wholemodule;
				SWIFT_OPTIMIZATION_LEVEL = "-O";
				VALIDATE_PRODUCT = YES;
			};
			name = Release;
		};
		41804E7429C7BB8100A6E3B0 /* Debug */ = {
			isa = XCBuildConfiguration;
			buildSettings = {
				ASSETCATALOG_COMPILER_APPICON_NAME = AppIcon;
				ASSETCATALOG_COMPILER_GLOBAL_ACCENT_COLOR_NAME = AccentColor;
				CODE_SIGN_STYLE = Automatic;
				CURRENT_PROJECT_VERSION = 1;
				DEVELOPMENT_ASSET_PATHS = "\"Social Media App with Ryan/Preview Content\"";
				DEVELOPMENT_TEAM = X622SX6D57;
				ENABLE_PREVIEWS = YES;
				GENERATE_INFOPLIST_FILE = YES;
				INFOPLIST_KEY_UIApplicationSceneManifest_Generation = YES;
				INFOPLIST_KEY_UIApplicationSupportsIndirectInputEvents = YES;
				INFOPLIST_KEY_UILaunchScreen_Generation = YES;
				INFOPLIST_KEY_UISupportedInterfaceOrientations_iPad = "UIInterfaceOrientationPortrait UIInterfaceOrientationPortraitUpsideDown UIInterfaceOrientationLandscapeLeft UIInterfaceOrientationLandscapeRight";
				INFOPLIST_KEY_UISupportedInterfaceOrientations_iPhone = "UIInterfaceOrientationPortrait UIInterfaceOrientationLandscapeLeft UIInterfaceOrientationLandscapeRight";
				LD_RUNPATH_SEARCH_PATHS = (
					"$(inherited)",
					"@executable_path/Frameworks",
				);
				MARKETING_VERSION = 1.0;
				PRODUCT_BUNDLE_IDENTIFIER = "BL.Social-Media-App-with-Ryan";
				PRODUCT_NAME = "$(TARGET_NAME)";
				SUPPORTED_PLATFORMS = "iphoneos iphonesimulator";
				SUPPORTS_MACCATALYST = NO;
				SUPPORTS_MAC_DESIGNED_FOR_IPHONE_IPAD = NO;
				SWIFT_EMIT_LOC_STRINGS = YES;
				SWIFT_VERSION = 5.0;
				TARGETED_DEVICE_FAMILY = "1,2";
			};
			name = Debug;
		};
		41804E7529C7BB8100A6E3B0 /* Release */ = {
			isa = XCBuildConfiguration;
			buildSettings = {
				ASSETCATALOG_COMPILER_APPICON_NAME = AppIcon;
				ASSETCATALOG_COMPILER_GLOBAL_ACCENT_COLOR_NAME = AccentColor;
				CODE_SIGN_STYLE = Automatic;
				CURRENT_PROJECT_VERSION = 1;
				DEVELOPMENT_ASSET_PATHS = "\"Social Media App with Ryan/Preview Content\"";
				DEVELOPMENT_TEAM = X622SX6D57;
				ENABLE_PREVIEWS = YES;
				GENERATE_INFOPLIST_FILE = YES;
				INFOPLIST_KEY_UIApplicationSceneManifest_Generation = YES;
				INFOPLIST_KEY_UIApplicationSupportsIndirectInputEvents = YES;
				INFOPLIST_KEY_UILaunchScreen_Generation = YES;
				INFOPLIST_KEY_UISupportedInterfaceOrientations_iPad = "UIInterfaceOrientationPortrait UIInterfaceOrientationPortraitUpsideDown UIInterfaceOrientationLandscapeLeft UIInterfaceOrientationLandscapeRight";
				INFOPLIST_KEY_UISupportedInterfaceOrientations_iPhone = "UIInterfaceOrientationPortrait UIInterfaceOrientationLandscapeLeft UIInterfaceOrientationLandscapeRight";
				LD_RUNPATH_SEARCH_PATHS = (
					"$(inherited)",
					"@executable_path/Frameworks",
				);
				MARKETING_VERSION = 1.0;
				PRODUCT_BUNDLE_IDENTIFIER = "BL.Social-Media-App-with-Ryan";
				PRODUCT_NAME = "$(TARGET_NAME)";
				SUPPORTED_PLATFORMS = "iphoneos iphonesimulator";
				SUPPORTS_MACCATALYST = NO;
				SUPPORTS_MAC_DESIGNED_FOR_IPHONE_IPAD = NO;
				SWIFT_EMIT_LOC_STRINGS = YES;
				SWIFT_VERSION = 5.0;
				TARGETED_DEVICE_FAMILY = "1,2";
			};
			name = Release;
		};
/* End XCBuildConfiguration section */

/* Begin XCConfigurationList section */
		41804E6029C7BB8100A6E3B0 /* Build configuration list for PBXProject "Social Media App with Ryan" */ = {
			isa = XCConfigurationList;
			buildConfigurations = (
				41804E7129C7BB8100A6E3B0 /* Debug */,
				41804E7229C7BB8100A6E3B0 /* Release */,
			);
			defaultConfigurationIsVisible = 0;
			defaultConfigurationName = Release;
		};
		41804E7329C7BB8100A6E3B0 /* Build configuration list for PBXNativeTarget "Social Media App with Ryan" */ = {
			isa = XCConfigurationList;
			buildConfigurations = (
				41804E7429C7BB8100A6E3B0 /* Debug */,
				41804E7529C7BB8100A6E3B0 /* Release */,
			);
			defaultConfigurationIsVisible = 0;
			defaultConfigurationName = Release;
		};
/* End XCConfigurationList section */
	};
	rootObject = 41804E5D29C7BB8100A6E3B0 /* Project object */;
}
